
Microsoft Visual Studio Solution File, Format Version 12.00
Project("{FAE04EC0-301F-11D3-BF4B-00C04F79EFBC}") = "Lab2_2", "Lab2_2\Lab2_2.csproj", "{CBD31EC7-5E4D-471F-BE17-283C860FD56F}"
EndProject
Global
	GlobalSection(SolutionConfigurationPlatforms) = preSolution
		Debug|Any CPU = Debug|Any CPU
		Release|Any CPU = Release|Any CPU
	EndGlobalSection
	GlobalSection(ProjectConfigurationPlatforms) = postSolution
		{CBD31EC7-5E4D-471F-BE17-283C860FD56F}.Debug|Any CPU.ActiveCfg = Debug|Any CPU
		{CBD31EC7-5E4D-471F-BE17-283C860FD56F}.Debug|Any CPU.Build.0 = Debug|Any CPU
		{CBD31EC7-5E4D-471F-BE17-283C860FD56F}.Release|Any CPU.ActiveCfg = Release|Any CPU
		{CBD31EC7-5E4D-471F-BE17-283C860FD56F}.Release|Any CPU.Build.0 = Release|Any CPU
	EndGlobalSection
EndGlobal
